
Microsoft Visual Studio Solution File, Format Version 12.00
# Visual Studio Version 16
VisualStudioVersion = 16.0.31205.134
MinimumVisualStudioVersion = 10.0.40219.1
Project("{8BC9CEB8-8B4A-11D0-8D11-00A0C91BC942}") = "Binary Pridicates", "Binary Pridicates.vcxproj", "{BE4CF6B9-1CBD-4332-881E-0A38F56E903C}"
EndProject
Global
	GlobalSection(SolutionConfigurationPlatforms) = preSolution
		Debug|x64 = Debug|x64
		Debug|x86 = Debug|x86
		Release|x64 = Release|x64
		Release|x86 = Release|x86
	EndGlobalSection
	GlobalSection(ProjectConfigurationPlatforms) = postSolution
		{BE4CF6B9-1CBD-4332-881E-0A38F56E903C}.Debug|x64.ActiveCfg = Debug|x64
		{BE4CF6B9-1CBD-4332-881E-0A38F56E903C}.Debug|x64.Build.0 = Debug|x64
		{BE4CF6B9-1CBD-4332-881E-0A38F56E903C}.Debug|x86.ActiveCfg = Debug|Win32
		{BE4CF6B9-1CBD-4332-881E-0A38F56E903C}.Debug|x86.Build.0 = Debug|Win32
		{BE4CF6B9-1CBD-4332-881E-0A38F56E903C}.Release|x64.ActiveCfg = Release|x64
		{BE4CF6B9-1CBD-4332-881E-0A38F56E903C}.Release|x64.Build.0 = Release|x64
		{BE4CF6B9-1CBD-4332-881E-0A38F56E903C}.Release|x86.ActiveCfg = Release|Win32
		{BE4CF6B9-1CBD-4332-881E-0A38F56E903C}.Release|x86.Build.0 = Release|Win32
	EndGlobalSection
	GlobalSection(SolutionProperties) = preSolution
		HideSolutionNode = FALSE
	EndGlobalSection
	GlobalSection(ExtensibilityGlobals) = postSolution
		SolutionGuid = {A47028BC-4DC6-4016-86AE-CF3AB4CE57B8}
	EndGlobalSection
EndGlobal
