
Microsoft Visual Studio Solution File, Format Version 12.00
# Visual Studio Version 16
VisualStudioVersion = 16.0.31105.61
MinimumVisualStudioVersion = 10.0.40219.1
Project("{8BC9CEB8-8B4A-11D0-8D11-00A0C91BC942}") = "STL count_if", "STL count_if.vcxproj", "{00B804F8-0B2B-47A7-991F-9D93F91C45A1}"
EndProject
Global
	GlobalSection(SolutionConfigurationPlatforms) = preSolution
		Debug|x64 = Debug|x64
		Debug|x86 = Debug|x86
		Release|x64 = Release|x64
		Release|x86 = Release|x86
	EndGlobalSection
	GlobalSection(ProjectConfigurationPlatforms) = postSolution
		{00B804F8-0B2B-47A7-991F-9D93F91C45A1}.Debug|x64.ActiveCfg = Debug|x64
		{00B804F8-0B2B-47A7-991F-9D93F91C45A1}.Debug|x64.Build.0 = Debug|x64
		{00B804F8-0B2B-47A7-991F-9D93F91C45A1}.Debug|x86.ActiveCfg = Debug|Win32
		{00B804F8-0B2B-47A7-991F-9D93F91C45A1}.Debug|x86.Build.0 = Debug|Win32
		{00B804F8-0B2B-47A7-991F-9D93F91C45A1}.Release|x64.ActiveCfg = Release|x64
		{00B804F8-0B2B-47A7-991F-9D93F91C45A1}.Release|x64.Build.0 = Release|x64
		{00B804F8-0B2B-47A7-991F-9D93F91C45A1}.Release|x86.ActiveCfg = Release|Win32
		{00B804F8-0B2B-47A7-991F-9D93F91C45A1}.Release|x86.Build.0 = Release|Win32
	EndGlobalSection
	GlobalSection(SolutionProperties) = preSolution
		HideSolutionNode = FALSE
	EndGlobalSection
	GlobalSection(ExtensibilityGlobals) = postSolution
		SolutionGuid = {A8C0B13A-249A-40E1-8D5F-8E58457EA8D4}
	EndGlobalSection
EndGlobal
