
Microsoft Visual Studio Solution File, Format Version 12.00
# Visual Studio Version 16
VisualStudioVersion = 16.0.31313.79
MinimumVisualStudioVersion = 10.0.40219.1
Project("{8BC9CEB8-8B4A-11D0-8D11-00A0C91BC942}") = "STL set_symmetric_difference", "STL set_symmetric_difference\STL set_symmetric_difference.vcxproj", "{50B02E6D-F41F-47B8-A25B-18B7FCB13561}"
EndProject
Global
	GlobalSection(SolutionConfigurationPlatforms) = preSolution
		Debug|x64 = Debug|x64
		Debug|x86 = Debug|x86
		Release|x64 = Release|x64
		Release|x86 = Release|x86
	EndGlobalSection
	GlobalSection(ProjectConfigurationPlatforms) = postSolution
		{50B02E6D-F41F-47B8-A25B-18B7FCB13561}.Debug|x64.ActiveCfg = Debug|x64
		{50B02E6D-F41F-47B8-A25B-18B7FCB13561}.Debug|x64.Build.0 = Debug|x64
		{50B02E6D-F41F-47B8-A25B-18B7FCB13561}.Debug|x86.ActiveCfg = Debug|Win32
		{50B02E6D-F41F-47B8-A25B-18B7FCB13561}.Debug|x86.Build.0 = Debug|Win32
		{50B02E6D-F41F-47B8-A25B-18B7FCB13561}.Release|x64.ActiveCfg = Release|x64
		{50B02E6D-F41F-47B8-A25B-18B7FCB13561}.Release|x64.Build.0 = Release|x64
		{50B02E6D-F41F-47B8-A25B-18B7FCB13561}.Release|x86.ActiveCfg = Release|Win32
		{50B02E6D-F41F-47B8-A25B-18B7FCB13561}.Release|x86.Build.0 = Release|Win32
	EndGlobalSection
	GlobalSection(SolutionProperties) = preSolution
		HideSolutionNode = FALSE
	EndGlobalSection
	GlobalSection(ExtensibilityGlobals) = postSolution
		SolutionGuid = {3C5433AF-DF85-4858-8E1F-039C923EB139}
	EndGlobalSection
EndGlobal
