
Microsoft Visual Studio Solution File, Format Version 12.00
# Visual Studio Version 16
VisualStudioVersion = 16.0.30804.86
MinimumVisualStudioVersion = 10.0.40219.1
Project("{8BC9CEB8-8B4A-11D0-8D11-00A0C91BC942}") = "Separate compilation", "Separate compilation.vcxproj", "{5F836B49-4119-4CAC-A024-A5DADEB5D2D2}"
EndProject
Global
	GlobalSection(SolutionConfigurationPlatforms) = preSolution
		Debug|x64 = Debug|x64
		Debug|x86 = Debug|x86
		Release|x64 = Release|x64
		Release|x86 = Release|x86
	EndGlobalSection
	GlobalSection(ProjectConfigurationPlatforms) = postSolution
		{5F836B49-4119-4CAC-A024-A5DADEB5D2D2}.Debug|x64.ActiveCfg = Debug|x64
		{5F836B49-4119-4CAC-A024-A5DADEB5D2D2}.Debug|x64.Build.0 = Debug|x64
		{5F836B49-4119-4CAC-A024-A5DADEB5D2D2}.Debug|x86.ActiveCfg = Debug|Win32
		{5F836B49-4119-4CAC-A024-A5DADEB5D2D2}.Debug|x86.Build.0 = Debug|Win32
		{5F836B49-4119-4CAC-A024-A5DADEB5D2D2}.Release|x64.ActiveCfg = Release|x64
		{5F836B49-4119-4CAC-A024-A5DADEB5D2D2}.Release|x64.Build.0 = Release|x64
		{5F836B49-4119-4CAC-A024-A5DADEB5D2D2}.Release|x86.ActiveCfg = Release|Win32
		{5F836B49-4119-4CAC-A024-A5DADEB5D2D2}.Release|x86.Build.0 = Release|Win32
	EndGlobalSection
	GlobalSection(SolutionProperties) = preSolution
		HideSolutionNode = FALSE
	EndGlobalSection
	GlobalSection(ExtensibilityGlobals) = postSolution
		SolutionGuid = {C4D028A2-51E4-40F9-99CB-0BF51F688793}
	EndGlobalSection
EndGlobal
