
Microsoft Visual Studio Solution File, Format Version 12.00
# Visual Studio Version 16
VisualStudioVersion = 16.0.31313.79
MinimumVisualStudioVersion = 10.0.40219.1
Project("{8BC9CEB8-8B4A-11D0-8D11-00A0C91BC942}") = "STL lower_bound and upper_bound", "STL lower_bound and upper_bound\STL lower_bound and upper_bound.vcxproj", "{35827DC9-E7FD-4CC8-9C79-002F6618D3A6}"
EndProject
Global
	GlobalSection(SolutionConfigurationPlatforms) = preSolution
		Debug|x64 = Debug|x64
		Debug|x86 = Debug|x86
		Release|x64 = Release|x64
		Release|x86 = Release|x86
	EndGlobalSection
	GlobalSection(ProjectConfigurationPlatforms) = postSolution
		{35827DC9-E7FD-4CC8-9C79-002F6618D3A6}.Debug|x64.ActiveCfg = Debug|x64
		{35827DC9-E7FD-4CC8-9C79-002F6618D3A6}.Debug|x64.Build.0 = Debug|x64
		{35827DC9-E7FD-4CC8-9C79-002F6618D3A6}.Debug|x86.ActiveCfg = Debug|Win32
		{35827DC9-E7FD-4CC8-9C79-002F6618D3A6}.Debug|x86.Build.0 = Debug|Win32
		{35827DC9-E7FD-4CC8-9C79-002F6618D3A6}.Release|x64.ActiveCfg = Release|x64
		{35827DC9-E7FD-4CC8-9C79-002F6618D3A6}.Release|x64.Build.0 = Release|x64
		{35827DC9-E7FD-4CC8-9C79-002F6618D3A6}.Release|x86.ActiveCfg = Release|Win32
		{35827DC9-E7FD-4CC8-9C79-002F6618D3A6}.Release|x86.Build.0 = Release|Win32
	EndGlobalSection
	GlobalSection(SolutionProperties) = preSolution
		HideSolutionNode = FALSE
	EndGlobalSection
	GlobalSection(ExtensibilityGlobals) = postSolution
		SolutionGuid = {73101FA8-3E60-44E7-B1B6-CCD598C3B04B}
	EndGlobalSection
EndGlobal
