
Microsoft Visual Studio Solution File, Format Version 12.00
# Visual Studio Version 16
VisualStudioVersion = 16.0.31313.79
MinimumVisualStudioVersion = 10.0.40219.1
Project("{8BC9CEB8-8B4A-11D0-8D11-00A0C91BC942}") = "STL bitsets", "STL bitsets\STL bitsets.vcxproj", "{F465D03E-8364-4FA3-88FB-5FE236E65D8A}"
EndProject
Global
	GlobalSection(SolutionConfigurationPlatforms) = preSolution
		Debug|x64 = Debug|x64
		Debug|x86 = Debug|x86
		Release|x64 = Release|x64
		Release|x86 = Release|x86
	EndGlobalSection
	GlobalSection(ProjectConfigurationPlatforms) = postSolution
		{F465D03E-8364-4FA3-88FB-5FE236E65D8A}.Debug|x64.ActiveCfg = Debug|x64
		{F465D03E-8364-4FA3-88FB-5FE236E65D8A}.Debug|x64.Build.0 = Debug|x64
		{F465D03E-8364-4FA3-88FB-5FE236E65D8A}.Debug|x86.ActiveCfg = Debug|Win32
		{F465D03E-8364-4FA3-88FB-5FE236E65D8A}.Debug|x86.Build.0 = Debug|Win32
		{F465D03E-8364-4FA3-88FB-5FE236E65D8A}.Release|x64.ActiveCfg = Release|x64
		{F465D03E-8364-4FA3-88FB-5FE236E65D8A}.Release|x64.Build.0 = Release|x64
		{F465D03E-8364-4FA3-88FB-5FE236E65D8A}.Release|x86.ActiveCfg = Release|Win32
		{F465D03E-8364-4FA3-88FB-5FE236E65D8A}.Release|x86.Build.0 = Release|Win32
	EndGlobalSection
	GlobalSection(SolutionProperties) = preSolution
		HideSolutionNode = FALSE
	EndGlobalSection
	GlobalSection(ExtensibilityGlobals) = postSolution
		SolutionGuid = {7EE7B31B-D5BB-4230-B4D6-A54229329FD5}
	EndGlobalSection
EndGlobal
