
Microsoft Visual Studio Solution File, Format Version 12.00
# Visual Studio Version 16
VisualStudioVersion = 16.0.31205.134
MinimumVisualStudioVersion = 10.0.40219.1
Project("{8BC9CEB8-8B4A-11D0-8D11-00A0C91BC942}") = "STL iterator base()", "STL iterator base().vcxproj", "{845446BB-6A86-4CED-97BE-FB8D79985567}"
EndProject
Global
	GlobalSection(SolutionConfigurationPlatforms) = preSolution
		Debug|x64 = Debug|x64
		Debug|x86 = Debug|x86
		Release|x64 = Release|x64
		Release|x86 = Release|x86
	EndGlobalSection
	GlobalSection(ProjectConfigurationPlatforms) = postSolution
		{845446BB-6A86-4CED-97BE-FB8D79985567}.Debug|x64.ActiveCfg = Debug|x64
		{845446BB-6A86-4CED-97BE-FB8D79985567}.Debug|x64.Build.0 = Debug|x64
		{845446BB-6A86-4CED-97BE-FB8D79985567}.Debug|x86.ActiveCfg = Debug|Win32
		{845446BB-6A86-4CED-97BE-FB8D79985567}.Debug|x86.Build.0 = Debug|Win32
		{845446BB-6A86-4CED-97BE-FB8D79985567}.Release|x64.ActiveCfg = Release|x64
		{845446BB-6A86-4CED-97BE-FB8D79985567}.Release|x64.Build.0 = Release|x64
		{845446BB-6A86-4CED-97BE-FB8D79985567}.Release|x86.ActiveCfg = Release|Win32
		{845446BB-6A86-4CED-97BE-FB8D79985567}.Release|x86.Build.0 = Release|Win32
	EndGlobalSection
	GlobalSection(SolutionProperties) = preSolution
		HideSolutionNode = FALSE
	EndGlobalSection
	GlobalSection(ExtensibilityGlobals) = postSolution
		SolutionGuid = {F368BB67-1C56-4D68-B140-8BE8ED8B8A32}
	EndGlobalSection
EndGlobal
