
Microsoft Visual Studio Solution File, Format Version 12.00
# Visual Studio Version 16
VisualStudioVersion = 16.0.31105.61
MinimumVisualStudioVersion = 10.0.40219.1
Project("{8BC9CEB8-8B4A-11D0-8D11-00A0C91BC942}") = "Decimal to hexadecimal conversion", "Decimal to hexadecimal conversion.vcxproj", "{02FD3F05-EE1E-42FB-AC0F-EEE744EE7BC3}"
EndProject
Global
	GlobalSection(SolutionConfigurationPlatforms) = preSolution
		Debug|x64 = Debug|x64
		Debug|x86 = Debug|x86
		Release|x64 = Release|x64
		Release|x86 = Release|x86
	EndGlobalSection
	GlobalSection(ProjectConfigurationPlatforms) = postSolution
		{02FD3F05-EE1E-42FB-AC0F-EEE744EE7BC3}.Debug|x64.ActiveCfg = Debug|x64
		{02FD3F05-EE1E-42FB-AC0F-EEE744EE7BC3}.Debug|x64.Build.0 = Debug|x64
		{02FD3F05-EE1E-42FB-AC0F-EEE744EE7BC3}.Debug|x86.ActiveCfg = Debug|Win32
		{02FD3F05-EE1E-42FB-AC0F-EEE744EE7BC3}.Debug|x86.Build.0 = Debug|Win32
		{02FD3F05-EE1E-42FB-AC0F-EEE744EE7BC3}.Release|x64.ActiveCfg = Release|x64
		{02FD3F05-EE1E-42FB-AC0F-EEE744EE7BC3}.Release|x64.Build.0 = Release|x64
		{02FD3F05-EE1E-42FB-AC0F-EEE744EE7BC3}.Release|x86.ActiveCfg = Release|Win32
		{02FD3F05-EE1E-42FB-AC0F-EEE744EE7BC3}.Release|x86.Build.0 = Release|Win32
	EndGlobalSection
	GlobalSection(SolutionProperties) = preSolution
		HideSolutionNode = FALSE
	EndGlobalSection
	GlobalSection(ExtensibilityGlobals) = postSolution
		SolutionGuid = {AE719E42-3253-4B75-8BBB-3A94333651F8}
	EndGlobalSection
EndGlobal
